
Microsoft Visual Studio Solution File, Format Version 12.00
# Visual Studio Version 17
VisualStudioVersion = 17.14.36518.9 d17.14
MinimumVisualStudioVersion = 10.0.40219.1
Project("{9A19103F-16F7-4668-BE54-9A1E7A4F7556}") = "proyecto1", "proyecto1\proyecto1.csproj", "{D985FD99-A5CD-4AB1-BBE0-CF2A438B7035}"
EndProject
Global
	GlobalSection(SolutionConfigurationPlatforms) = preSolution
		Debug|Any CPU = Debug|Any CPU
		Release|Any CPU = Release|Any CPU
	EndGlobalSection
	GlobalSection(ProjectConfigurationPlatforms) = postSolution
		{D985FD99-A5CD-4AB1-BBE0-CF2A438B7035}.Debug|Any CPU.ActiveCfg = Debug|x64
		{D985FD99-A5CD-4AB1-BBE0-CF2A438B7035}.Debug|Any CPU.Build.0 = Debug|x64
		{D985FD99-A5CD-4AB1-BBE0-CF2A438B7035}.Release|Any CPU.ActiveCfg = Release|x64
		{D985FD99-A5CD-4AB1-BBE0-CF2A438B7035}.Release|Any CPU.Build.0 = Release|x64
	EndGlobalSection
	GlobalSection(SolutionProperties) = preSolution
		HideSolutionNode = FALSE
	EndGlobalSection
	GlobalSection(ExtensibilityGlobals) = postSolution
		SolutionGuid = {89066681-083E-43EB-9E3C-1043C9DC69B1}
	EndGlobalSection
EndGlobal
